# This file is autogenerated, do not edit; changes may be undone by the next 'dep ensure'.


[[projects]]
  branch = "master"
  digest = "1:4db2738e3625ff5b5752fd48e2e48f5b008790a7ac5d68b7663f380d2d5c4b39"
  name = "github.com/jasonlvhit/gocron"
  packages = ["."]
  pruneopts = "UT"
  revision = "6771d4b492ba2d5f57919c04b4cddb3735365120"

[[projects]]
  digest = "1:9cedee824c21326bd26950bd9e1ffe9dc4e7ca03dc8634d0e6f954ee6a383172"
  name = "github.com/kr/fs"
  packages = ["."]
  pruneopts = "UT"
  revision = "1455def202f6e05b95cc7bfc7e8ae67ae5141eba"
  version = "v0.1.0"

[[projects]]
  digest = "1:cf31692c14422fa27c83a05292eb5cbe0fb2775972e8f1f8446a71549bd8980b"
  name = "github.com/pkg/errors"
  packages = ["."]
  pruneopts = "UT"
  revision = "ba968bfe8b2f7e042a574c888954fccecfa385b4"
  version = "v0.8.1"

[[projects]]
  digest = "1:6c187bc42f50a341b0dd25da7f5bcf84b4bbffa7193b92f3c983c1a9803a447a"
  name = "github.com/pkg/sftp"
  packages = ["."]
  pruneopts = "UT"
  revision = "a713b07e6d90e1831d7fefcb69f1310edb3783ae"
  version = "v1.10.0"

[[projects]]
  branch = "master"
  digest = "1:09d4ba0a111bd85dffabc19b9b6d89e89bef285790103ced8824d823813dcdab"
  name = "golang.org/x/crypto"
  packages = [
    "curve25519",
    "ed25519",
    "ed25519/internal/edwards25519",
    "internal/chacha20",
    "internal/subtle",
    "poly1305",
    "ssh",
  ]
  pruneopts = "UT"
  revision = "a1f597ede03a7bef967a422b5b3a5bd08805a01e"

[[projects]]
  branch = "master"
  digest = "1:53df1464a35ecef619d5d29fc24427e34798c47c31f8a35ff709cb71b4009972"
  name = "golang.org/x/sys"
  packages = [
    "cpu",
    "unix",
  ]
  pruneopts = "UT"
  revision = "fead79001313d15903fb4605b4a1b781532cd93e"

[[projects]]
  digest = "1:4d2e5a73dc1500038e504a8d78b986630e3626dc027bc030ba5c75da257cdb96"
  name = "gopkg.in/yaml.v2"
  packages = ["."]
  pruneopts = "UT"
  revision = "51d6538a90f86fe93ac480b35f37b2be17fef232"
  version = "v2.2.2"

[solve-meta]
  analyzer-name = "dep"
  analyzer-version = 1
  input-imports = [
    "github.com/jasonlvhit/gocron",
    "github.com/pkg/sftp",
    "golang.org/x/crypto/ssh",
    "gopkg.in/yaml.v2",
  ]
  solver-name = "gps-cdcl"
  solver-version = 1
